
Microsoft Visual Studio Solution File, Format Version 12.00
# Visual Studio 15
Project("{FAE04EC0-301F-11D3-BF4B-00C04F79EFBC}") = "Assembly-CSharp", "Assembly-CSharp.csproj", "{56C476E9-64B3-D0F0-BB59-1A43F429CB3D}"
EndProject
Project("{FAE04EC0-301F-11D3-BF4B-00C04F79EFBC}") = "Dan", "Dan.csproj", "{5364B655-FB50-11BB-9513-243A4485DBE4}"
EndProject
Project("{FAE04EC0-301F-11D3-BF4B-00C04F79EFBC}") = "LeaderboardCreatorEditor", "LeaderboardCreatorEditor.csproj", "{4DC43CD4-B64A-12E9-58C8-249E0F94CC78}"
EndProject
Global
	GlobalSection(SolutionConfigurationPlatforms) = preSolution
		Debug|Any CPU = Debug|Any CPU
		Release|Any CPU = Release|Any CPU
	EndGlobalSection
	GlobalSection(ProjectConfigurationPlatforms) = postSolution
		{56C476E9-64B3-D0F0-BB59-1A43F429CB3D}.Debug|Any CPU.ActiveCfg = Debug|Any CPU
		{56C476E9-64B3-D0F0-BB59-1A43F429CB3D}.Debug|Any CPU.Build.0 = Debug|Any CPU
		{56C476E9-64B3-D0F0-BB59-1A43F429CB3D}.Release|Any CPU.ActiveCfg = Release|Any CPU
		{56C476E9-64B3-D0F0-BB59-1A43F429CB3D}.Release|Any CPU.Build.0 = Release|Any CPU
		{5364B655-FB50-11BB-9513-243A4485DBE4}.Debug|Any CPU.ActiveCfg = Debug|Any CPU
		{5364B655-FB50-11BB-9513-243A4485DBE4}.Debug|Any CPU.Build.0 = Debug|Any CPU
		{5364B655-FB50-11BB-9513-243A4485DBE4}.Release|Any CPU.ActiveCfg = Release|Any CPU
		{5364B655-FB50-11BB-9513-243A4485DBE4}.Release|Any CPU.Build.0 = Release|Any CPU
		{4DC43CD4-B64A-12E9-58C8-249E0F94CC78}.Debug|Any CPU.ActiveCfg = Debug|Any CPU
		{4DC43CD4-B64A-12E9-58C8-249E0F94CC78}.Debug|Any CPU.Build.0 = Debug|Any CPU
		{4DC43CD4-B64A-12E9-58C8-249E0F94CC78}.Release|Any CPU.ActiveCfg = Release|Any CPU
		{4DC43CD4-B64A-12E9-58C8-249E0F94CC78}.Release|Any CPU.Build.0 = Release|Any CPU
	EndGlobalSection
	GlobalSection(SolutionProperties) = preSolution
		HideSolutionNode = FALSE
	EndGlobalSection
EndGlobal
